
Microsoft Visual Studio Solution File, Format Version 12.00
# Visual Studio Version 17
VisualStudioVersion = 17.5.33516.290
MinimumVisualStudioVersion = 10.0.40219.1
Project("{FAE04EC0-301F-11D3-BF4B-00C04F79EFBC}") = "ANK13Identity", "ANK13Identity\ANK13Identity.csproj", "{3FFE37F2-21B1-4974-B2BF-4184B12968C7}"
EndProject
Global
	GlobalSection(SolutionConfigurationPlatforms) = preSolution
		Debug|Any CPU = Debug|Any CPU
		Release|Any CPU = Release|Any CPU
	EndGlobalSection
	GlobalSection(ProjectConfigurationPlatforms) = postSolution
		{3FFE37F2-21B1-4974-B2BF-4184B12968C7}.Debug|Any CPU.ActiveCfg = Debug|Any CPU
		{3FFE37F2-21B1-4974-B2BF-4184B12968C7}.Debug|Any CPU.Build.0 = Debug|Any CPU
		{3FFE37F2-21B1-4974-B2BF-4184B12968C7}.Release|Any CPU.ActiveCfg = Release|Any CPU
		{3FFE37F2-21B1-4974-B2BF-4184B12968C7}.Release|Any CPU.Build.0 = Release|Any CPU
	EndGlobalSection
	GlobalSection(SolutionProperties) = preSolution
		HideSolutionNode = FALSE
	EndGlobalSection
	GlobalSection(ExtensibilityGlobals) = postSolution
		SolutionGuid = {EB3823A9-EFC1-4B38-9B3D-C8A59F807EA6}
	EndGlobalSection
EndGlobal
